
Microsoft Visual Studio Solution File, Format Version 12.00
# Visual Studio Version 17
VisualStudioVersion = 17.12.35506.116 d17.12
MinimumVisualStudioVersion = 10.0.40219.1
Project("{FAE04EC0-301F-11D3-BF4B-00C04F79EFBC}") = "Euler_1", "Euler_1\Euler_1.csproj", "{5F0C474A-47A0-4299-B805-497D3FD1F715}"
EndProject
Project("{FAE04EC0-301F-11D3-BF4B-00C04F79EFBC}") = "Euler_0", "Euler_0\Euler_0.csproj", "{F0A83252-6D39-41BA-A05C-D60DCE3844CB}"
EndProject
Project("{FAE04EC0-301F-11D3-BF4B-00C04F79EFBC}") = "Euler_2", "Euler_2\Euler_2.csproj", "{BE4E66AE-EECD-4502-AE36-1D070913BBE2}"
EndProject
Project("{FAE04EC0-301F-11D3-BF4B-00C04F79EFBC}") = "Euler_3", "Euler_3\Euler_3.csproj", "{EE1F156B-C296-42C3-8F84-A9AEA320B898}"
EndProject
Global
	GlobalSection(SolutionConfigurationPlatforms) = preSolution
		Debug|Any CPU = Debug|Any CPU
		Release|Any CPU = Release|Any CPU
	EndGlobalSection
	GlobalSection(ProjectConfigurationPlatforms) = postSolution
		{5F0C474A-47A0-4299-B805-497D3FD1F715}.Debug|Any CPU.ActiveCfg = Debug|Any CPU
		{5F0C474A-47A0-4299-B805-497D3FD1F715}.Debug|Any CPU.Build.0 = Debug|Any CPU
		{5F0C474A-47A0-4299-B805-497D3FD1F715}.Release|Any CPU.ActiveCfg = Release|Any CPU
		{5F0C474A-47A0-4299-B805-497D3FD1F715}.Release|Any CPU.Build.0 = Release|Any CPU
		{F0A83252-6D39-41BA-A05C-D60DCE3844CB}.Debug|Any CPU.ActiveCfg = Debug|Any CPU
		{F0A83252-6D39-41BA-A05C-D60DCE3844CB}.Debug|Any CPU.Build.0 = Debug|Any CPU
		{F0A83252-6D39-41BA-A05C-D60DCE3844CB}.Release|Any CPU.ActiveCfg = Release|Any CPU
		{F0A83252-6D39-41BA-A05C-D60DCE3844CB}.Release|Any CPU.Build.0 = Release|Any CPU
		{BE4E66AE-EECD-4502-AE36-1D070913BBE2}.Debug|Any CPU.ActiveCfg = Debug|Any CPU
		{BE4E66AE-EECD-4502-AE36-1D070913BBE2}.Debug|Any CPU.Build.0 = Debug|Any CPU
		{BE4E66AE-EECD-4502-AE36-1D070913BBE2}.Release|Any CPU.ActiveCfg = Release|Any CPU
		{BE4E66AE-EECD-4502-AE36-1D070913BBE2}.Release|Any CPU.Build.0 = Release|Any CPU
		{EE1F156B-C296-42C3-8F84-A9AEA320B898}.Debug|Any CPU.ActiveCfg = Debug|Any CPU
		{EE1F156B-C296-42C3-8F84-A9AEA320B898}.Debug|Any CPU.Build.0 = Debug|Any CPU
		{EE1F156B-C296-42C3-8F84-A9AEA320B898}.Release|Any CPU.ActiveCfg = Release|Any CPU
		{EE1F156B-C296-42C3-8F84-A9AEA320B898}.Release|Any CPU.Build.0 = Release|Any CPU
	EndGlobalSection
	GlobalSection(SolutionProperties) = preSolution
		HideSolutionNode = FALSE
	EndGlobalSection
EndGlobal
