
Microsoft Visual Studio Solution File, Format Version 12.00
# Visual Studio Version 17
VisualStudioVersion = 17.12.35506.116
MinimumVisualStudioVersion = 10.0.40219.1
Project("{FAE04EC0-301F-11D3-BF4B-00C04F79EFBC}") = "Euler_1", "Euler_1\Euler_1.csproj", "{5F0C474A-47A0-4299-B805-497D3FD1F715}"
EndProject
Project("{FAE04EC0-301F-11D3-BF4B-00C04F79EFBC}") = "Euler_0", "Euler_0\Euler_0.csproj", "{F0A83252-6D39-41BA-A05C-D60DCE3844CB}"
EndProject
Project("{FAE04EC0-301F-11D3-BF4B-00C04F79EFBC}") = "Euler_2", "Euler_2\Euler_2.csproj", "{BE4E66AE-EECD-4502-AE36-1D070913BBE2}"
EndProject
Project("{FAE04EC0-301F-11D3-BF4B-00C04F79EFBC}") = "Euler_3", "Euler_3\Euler_3.csproj", "{EE1F156B-C296-42C3-8F84-A9AEA320B898}"
EndProject
Project("{FAE04EC0-301F-11D3-BF4B-00C04F79EFBC}") = "Euler_4", "Euler_4\Euler_4.csproj", "{80CA5569-9217-4E89-A8A2-6BA945982F75}"
EndProject
Project("{FAE04EC0-301F-11D3-BF4B-00C04F79EFBC}") = "Euler_5", "Euler_5\Euler_5.csproj", "{06EA39E6-89E2-41F9-974C-0B9D0650801A}"
EndProject
Project("{FAE04EC0-301F-11D3-BF4B-00C04F79EFBC}") = "Euler_6", "Euler_6\Euler_6.csproj", "{F828F79B-965F-4C93-B619-8CF11DF9963E}"
EndProject
Project("{FAE04EC0-301F-11D3-BF4B-00C04F79EFBC}") = "Euler_7", "Euler_7\Euler_7.csproj", "{65B96F38-B5F7-4A2E-832D-BEE38F85F74B}"
EndProject
Project("{FAE04EC0-301F-11D3-BF4B-00C04F79EFBC}") = "Euler_8", "Euler_8\Euler_8.csproj", "{8757E047-9BC4-4EFC-8952-59615FBDC30A}"
EndProject
Project("{FAE04EC0-301F-11D3-BF4B-00C04F79EFBC}") = "Euler_9", "Euler_9\Euler_9.csproj", "{C5D0F528-DC92-49B6-849E-B25B691C1610}"
EndProject
Project("{FAE04EC0-301F-11D3-BF4B-00C04F79EFBC}") = "Euler_10", "Euler_10\Euler_10.csproj", "{03DD189F-F5A1-4867-813E-E83C188971D4}"
EndProject
Project("{FAE04EC0-301F-11D3-BF4B-00C04F79EFBC}") = "Euler_11", "Euler_11\Euler_11.csproj", "{90ACF793-4CF6-4A3F-A2F0-6BF2A6C428CC}"
EndProject
Project("{FAE04EC0-301F-11D3-BF4B-00C04F79EFBC}") = "Euler_12", "Euler_12\Euler_12.csproj", "{39CF6804-EA20-4896-85AD-8FCCC0BC4DA9}"
EndProject
Project("{FAE04EC0-301F-11D3-BF4B-00C04F79EFBC}") = "Euler_13", "Euler_13\Euler_13.csproj", "{43CA7ED2-A870-486B-BB99-2220373B9AF7}"
EndProject
Project("{FAE04EC0-301F-11D3-BF4B-00C04F79EFBC}") = "Euler_14", "Euler_14\Euler_14.csproj", "{28177DA2-3F45-40FF-820E-A8D56AD2A8BD}"
EndProject
Global
	GlobalSection(SolutionConfigurationPlatforms) = preSolution
		Debug|Any CPU = Debug|Any CPU
		Release|Any CPU = Release|Any CPU
	EndGlobalSection
	GlobalSection(ProjectConfigurationPlatforms) = postSolution
		{5F0C474A-47A0-4299-B805-497D3FD1F715}.Debug|Any CPU.ActiveCfg = Debug|Any CPU
		{5F0C474A-47A0-4299-B805-497D3FD1F715}.Debug|Any CPU.Build.0 = Debug|Any CPU
		{5F0C474A-47A0-4299-B805-497D3FD1F715}.Release|Any CPU.ActiveCfg = Release|Any CPU
		{5F0C474A-47A0-4299-B805-497D3FD1F715}.Release|Any CPU.Build.0 = Release|Any CPU
		{F0A83252-6D39-41BA-A05C-D60DCE3844CB}.Debug|Any CPU.ActiveCfg = Debug|Any CPU
		{F0A83252-6D39-41BA-A05C-D60DCE3844CB}.Debug|Any CPU.Build.0 = Debug|Any CPU
		{F0A83252-6D39-41BA-A05C-D60DCE3844CB}.Release|Any CPU.ActiveCfg = Release|Any CPU
		{F0A83252-6D39-41BA-A05C-D60DCE3844CB}.Release|Any CPU.Build.0 = Release|Any CPU
		{BE4E66AE-EECD-4502-AE36-1D070913BBE2}.Debug|Any CPU.ActiveCfg = Debug|Any CPU
		{BE4E66AE-EECD-4502-AE36-1D070913BBE2}.Debug|Any CPU.Build.0 = Debug|Any CPU
		{BE4E66AE-EECD-4502-AE36-1D070913BBE2}.Release|Any CPU.ActiveCfg = Release|Any CPU
		{BE4E66AE-EECD-4502-AE36-1D070913BBE2}.Release|Any CPU.Build.0 = Release|Any CPU
		{EE1F156B-C296-42C3-8F84-A9AEA320B898}.Debug|Any CPU.ActiveCfg = Debug|Any CPU
		{EE1F156B-C296-42C3-8F84-A9AEA320B898}.Debug|Any CPU.Build.0 = Debug|Any CPU
		{EE1F156B-C296-42C3-8F84-A9AEA320B898}.Release|Any CPU.ActiveCfg = Release|Any CPU
		{EE1F156B-C296-42C3-8F84-A9AEA320B898}.Release|Any CPU.Build.0 = Release|Any CPU
		{80CA5569-9217-4E89-A8A2-6BA945982F75}.Debug|Any CPU.ActiveCfg = Debug|Any CPU
		{80CA5569-9217-4E89-A8A2-6BA945982F75}.Debug|Any CPU.Build.0 = Debug|Any CPU
		{80CA5569-9217-4E89-A8A2-6BA945982F75}.Release|Any CPU.ActiveCfg = Release|Any CPU
		{80CA5569-9217-4E89-A8A2-6BA945982F75}.Release|Any CPU.Build.0 = Release|Any CPU
		{06EA39E6-89E2-41F9-974C-0B9D0650801A}.Debug|Any CPU.ActiveCfg = Debug|Any CPU
		{06EA39E6-89E2-41F9-974C-0B9D0650801A}.Debug|Any CPU.Build.0 = Debug|Any CPU
		{06EA39E6-89E2-41F9-974C-0B9D0650801A}.Release|Any CPU.ActiveCfg = Release|Any CPU
		{06EA39E6-89E2-41F9-974C-0B9D0650801A}.Release|Any CPU.Build.0 = Release|Any CPU
		{F828F79B-965F-4C93-B619-8CF11DF9963E}.Debug|Any CPU.ActiveCfg = Debug|Any CPU
		{F828F79B-965F-4C93-B619-8CF11DF9963E}.Debug|Any CPU.Build.0 = Debug|Any CPU
		{F828F79B-965F-4C93-B619-8CF11DF9963E}.Release|Any CPU.ActiveCfg = Release|Any CPU
		{F828F79B-965F-4C93-B619-8CF11DF9963E}.Release|Any CPU.Build.0 = Release|Any CPU
		{65B96F38-B5F7-4A2E-832D-BEE38F85F74B}.Debug|Any CPU.ActiveCfg = Debug|Any CPU
		{65B96F38-B5F7-4A2E-832D-BEE38F85F74B}.Debug|Any CPU.Build.0 = Debug|Any CPU
		{65B96F38-B5F7-4A2E-832D-BEE38F85F74B}.Release|Any CPU.ActiveCfg = Release|Any CPU
		{65B96F38-B5F7-4A2E-832D-BEE38F85F74B}.Release|Any CPU.Build.0 = Release|Any CPU
		{8757E047-9BC4-4EFC-8952-59615FBDC30A}.Debug|Any CPU.ActiveCfg = Debug|Any CPU
		{8757E047-9BC4-4EFC-8952-59615FBDC30A}.Debug|Any CPU.Build.0 = Debug|Any CPU
		{8757E047-9BC4-4EFC-8952-59615FBDC30A}.Release|Any CPU.ActiveCfg = Release|Any CPU
		{8757E047-9BC4-4EFC-8952-59615FBDC30A}.Release|Any CPU.Build.0 = Release|Any CPU
		{C5D0F528-DC92-49B6-849E-B25B691C1610}.Debug|Any CPU.ActiveCfg = Debug|Any CPU
		{C5D0F528-DC92-49B6-849E-B25B691C1610}.Debug|Any CPU.Build.0 = Debug|Any CPU
		{C5D0F528-DC92-49B6-849E-B25B691C1610}.Release|Any CPU.ActiveCfg = Release|Any CPU
		{C5D0F528-DC92-49B6-849E-B25B691C1610}.Release|Any CPU.Build.0 = Release|Any CPU
		{03DD189F-F5A1-4867-813E-E83C188971D4}.Debug|Any CPU.ActiveCfg = Debug|Any CPU
		{03DD189F-F5A1-4867-813E-E83C188971D4}.Debug|Any CPU.Build.0 = Debug|Any CPU
		{03DD189F-F5A1-4867-813E-E83C188971D4}.Release|Any CPU.ActiveCfg = Release|Any CPU
		{03DD189F-F5A1-4867-813E-E83C188971D4}.Release|Any CPU.Build.0 = Release|Any CPU
		{90ACF793-4CF6-4A3F-A2F0-6BF2A6C428CC}.Debug|Any CPU.ActiveCfg = Debug|Any CPU
		{90ACF793-4CF6-4A3F-A2F0-6BF2A6C428CC}.Debug|Any CPU.Build.0 = Debug|Any CPU
		{90ACF793-4CF6-4A3F-A2F0-6BF2A6C428CC}.Release|Any CPU.ActiveCfg = Release|Any CPU
		{90ACF793-4CF6-4A3F-A2F0-6BF2A6C428CC}.Release|Any CPU.Build.0 = Release|Any CPU
		{39CF6804-EA20-4896-85AD-8FCCC0BC4DA9}.Debug|Any CPU.ActiveCfg = Debug|Any CPU
		{39CF6804-EA20-4896-85AD-8FCCC0BC4DA9}.Debug|Any CPU.Build.0 = Debug|Any CPU
		{39CF6804-EA20-4896-85AD-8FCCC0BC4DA9}.Release|Any CPU.ActiveCfg = Release|Any CPU
		{39CF6804-EA20-4896-85AD-8FCCC0BC4DA9}.Release|Any CPU.Build.0 = Release|Any CPU
		{43CA7ED2-A870-486B-BB99-2220373B9AF7}.Debug|Any CPU.ActiveCfg = Debug|Any CPU
		{43CA7ED2-A870-486B-BB99-2220373B9AF7}.Debug|Any CPU.Build.0 = Debug|Any CPU
		{43CA7ED2-A870-486B-BB99-2220373B9AF7}.Release|Any CPU.ActiveCfg = Release|Any CPU
		{43CA7ED2-A870-486B-BB99-2220373B9AF7}.Release|Any CPU.Build.0 = Release|Any CPU
		{28177DA2-3F45-40FF-820E-A8D56AD2A8BD}.Debug|Any CPU.ActiveCfg = Debug|Any CPU
		{28177DA2-3F45-40FF-820E-A8D56AD2A8BD}.Debug|Any CPU.Build.0 = Debug|Any CPU
		{28177DA2-3F45-40FF-820E-A8D56AD2A8BD}.Release|Any CPU.ActiveCfg = Release|Any CPU
		{28177DA2-3F45-40FF-820E-A8D56AD2A8BD}.Release|Any CPU.Build.0 = Release|Any CPU
	EndGlobalSection
	GlobalSection(SolutionProperties) = preSolution
		HideSolutionNode = FALSE
	EndGlobalSection
EndGlobal
